
Microsoft Visual Studio Solution File, Format Version 12.00
# Visual Studio 14
VisualStudioVersion = 14.0.24720.0
MinimumVisualStudioVersion = 10.0.40219.1
Project("{E24C65DC-7377-472B-9ABA-BC803B73C61A}") = "pluralsight-angularjs-fundamentals", ".", "{89B7F44F-40D9-4EAA-8B1F-EEBECC73939B}"
	ProjectSection(WebsiteProperties) = preProject
		TargetFrameworkMoniker = ".NETFramework,Version%3Dv4.6"
		Debug.AspNetCompiler.VirtualPath = "/localhost_64045"
		Debug.AspNetCompiler.PhysicalPath = "..\pluralsight-angularjs-fundamentals\"
		Debug.AspNetCompiler.TargetPath = "PrecompiledWeb\localhost_64045\"
		Debug.AspNetCompiler.Updateable = "true"
		Debug.AspNetCompiler.ForceOverwrite = "true"
		Debug.AspNetCompiler.FixedNames = "false"
		Debug.AspNetCompiler.Debug = "True"
		Release.AspNetCompiler.VirtualPath = "/localhost_64045"
		Release.AspNetCompiler.PhysicalPath = "..\pluralsight-angularjs-fundamentals\"
		Release.AspNetCompiler.TargetPath = "PrecompiledWeb\localhost_64045\"
		Release.AspNetCompiler.Updateable = "true"
		Release.AspNetCompiler.ForceOverwrite = "true"
		Release.AspNetCompiler.FixedNames = "false"
		Release.AspNetCompiler.Debug = "False"
		VWDPort = "64489"
		SlnRelativePath = "..\pluralsight-angularjs-fundamentals\"
		DefaultWebSiteLanguage = "Visual C#"
	EndProjectSection
EndProject
Global
	GlobalSection(SolutionConfigurationPlatforms) = preSolution
		Debug|Any CPU = Debug|Any CPU
	EndGlobalSection
	GlobalSection(ProjectConfigurationPlatforms) = postSolution
		{89B7F44F-40D9-4EAA-8B1F-EEBECC73939B}.Debug|Any CPU.ActiveCfg = Debug|Any CPU
		{89B7F44F-40D9-4EAA-8B1F-EEBECC73939B}.Debug|Any CPU.Build.0 = Debug|Any CPU
	EndGlobalSection
	GlobalSection(SolutionProperties) = preSolution
		HideSolutionNode = FALSE
	EndGlobalSection
EndGlobal
